// !$*UTF8*$!
{
	archiveVersion = 1;
	classes = {
	};
	objectVersion = 46;
	objects = {

/* Begin PBXBuildFile section */
		C61E17A61C17D12700567628 /* main.swift in Sources */ = {isa = PBXBuildFile; fileRef = C61E17A51C17D12700567628 /* main.swift */; };
		C61E17C31C184FA200567628 /* Database.swift in Sources */ = {isa = PBXBuildFile; fileRef = C61E17C21C184FA200567628 /* Database.swift */; };
		C61E17C51C184FB300567628 /* Collection.swift in Sources */ = {isa = PBXBuildFile; fileRef = C61E17C41C184FB300567628 /* Collection.swift */; };
		C61E17C71C184FBD00567628 /* MongoClient.swift in Sources */ = {isa = PBXBuildFile; fileRef = C61E17C61C184FBD00567628 /* MongoClient.swift */; };
		C61E17C91C184FE400567628 /* Utils.swift in Sources */ = {isa = PBXBuildFile; fileRef = C61E17C81C184FE400567628 /* Utils.swift */; };
		C61E17CB1C18500800567628 /* Bson.swift in Sources */ = {isa = PBXBuildFile; fileRef = C61E17CA1C18500800567628 /* Bson.swift */; };
		C61E17CD1C18502200567628 /* Cursor.swift in Sources */ = {isa = PBXBuildFile; fileRef = C61E17CC1C18502200567628 /* Cursor.swift */; };
		C650AA511C23CEB000BC4479 /* Result.swift in Sources */ = {isa = PBXBuildFile; fileRef = C650AA501C23CEB000BC4479 /* Result.swift */; };
		C650AA591C25409700BC4479 /* MongoCSwiftTests.swift in Sources */ = {isa = PBXBuildFile; fileRef = C650AA581C25409700BC4479 /* MongoCSwiftTests.swift */; };
		C650AA5E1C2542BF00BC4479 /* main.swift in Sources */ = {isa = PBXBuildFile; fileRef = C61E17A51C17D12700567628 /* main.swift */; };
		C650AA5F1C2542BF00BC4479 /* Cursor.swift in Sources */ = {isa = PBXBuildFile; fileRef = C61E17CC1C18502200567628 /* Cursor.swift */; };
		C650AA601C2542BF00BC4479 /* Bson.swift in Sources */ = {isa = PBXBuildFile; fileRef = C61E17CA1C18500800567628 /* Bson.swift */; };
		C650AA611C2542BF00BC4479 /* Utils.swift in Sources */ = {isa = PBXBuildFile; fileRef = C61E17C81C184FE400567628 /* Utils.swift */; };
		C650AA621C2542BF00BC4479 /* Database.swift in Sources */ = {isa = PBXBuildFile; fileRef = C61E17C21C184FA200567628 /* Database.swift */; };
		C650AA631C2542BF00BC4479 /* Collection.swift in Sources */ = {isa = PBXBuildFile; fileRef = C61E17C41C184FB300567628 /* Collection.swift */; };
		C650AA641C2542BF00BC4479 /* Result.swift in Sources */ = {isa = PBXBuildFile; fileRef = C650AA501C23CEB000BC4479 /* Result.swift */; };
		C650AA651C2542BF00BC4479 /* MongoClient.swift in Sources */ = {isa = PBXBuildFile; fileRef = C61E17C61C184FBD00567628 /* MongoClient.swift */; };
		C650AA671C25712D00BC4479 /* MongoCSwiftTests.swift in Sources */ = {isa = PBXBuildFile; fileRef = C650AA581C25409700BC4479 /* MongoCSwiftTests.swift */; };
/* End PBXBuildFile section */

/* Begin PBXCopyFilesBuildPhase section */
		C61E17A01C17D12700567628 /* CopyFiles */ = {
			isa = PBXCopyFilesBuildPhase;
			buildActionMask = 2147483647;
			dstPath = /usr/share/man/man1/;
			dstSubfolderSpec = 0;
			files = (
			);
			runOnlyForDeploymentPostprocessing = 1;
		};
/* End PBXCopyFilesBuildPhase section */

/* Begin PBXFileReference section */
		C61E17A21C17D12700567628 /* MongoCSwift */ = {isa = PBXFileReference; explicitFileType = "compiled.mach-o.executable"; includeInIndex = 0; path = MongoCSwift; sourceTree = BUILT_PRODUCTS_DIR; };
		C61E17A51C17D12700567628 /* main.swift */ = {isa = PBXFileReference; lastKnownFileType = sourcecode.swift; path = main.swift; sourceTree = "<group>"; };
		C61E17AC1C17D14100567628 /* MongoCSwift-Bridging-Header.h */ = {isa = PBXFileReference; lastKnownFileType = sourcecode.c.h; path = "MongoCSwift-Bridging-Header.h"; sourceTree = "<group>"; };
		C61E17C21C184FA200567628 /* Database.swift */ = {isa = PBXFileReference; fileEncoding = 4; lastKnownFileType = sourcecode.swift; path = Database.swift; sourceTree = "<group>"; };
		C61E17C41C184FB300567628 /* Collection.swift */ = {isa = PBXFileReference; fileEncoding = 4; lastKnownFileType = sourcecode.swift; path = Collection.swift; sourceTree = "<group>"; };
		C61E17C61C184FBD00567628 /* MongoClient.swift */ = {isa = PBXFileReference; fileEncoding = 4; lastKnownFileType = sourcecode.swift; path = MongoClient.swift; sourceTree = "<group>"; };
		C61E17C81C184FE400567628 /* Utils.swift */ = {isa = PBXFileReference; fileEncoding = 4; lastKnownFileType = sourcecode.swift; path = Utils.swift; sourceTree = "<group>"; };
		C61E17CA1C18500800567628 /* Bson.swift */ = {isa = PBXFileReference; fileEncoding = 4; lastKnownFileType = sourcecode.swift; path = Bson.swift; sourceTree = "<group>"; };
		C61E17CC1C18502200567628 /* Cursor.swift */ = {isa = PBXFileReference; fileEncoding = 4; lastKnownFileType = sourcecode.swift; path = Cursor.swift; sourceTree = "<group>"; };
		C650AA501C23CEB000BC4479 /* Result.swift */ = {isa = PBXFileReference; fileEncoding = 4; lastKnownFileType = sourcecode.swift; path = Result.swift; sourceTree = "<group>"; };
		C650AA561C25409700BC4479 /* MongoCSwiftTests.xctest */ = {isa = PBXFileReference; explicitFileType = wrapper.cfbundle; includeInIndex = 0; path = MongoCSwiftTests.xctest; sourceTree = BUILT_PRODUCTS_DIR; };
		C650AA581C25409700BC4479 /* MongoCSwiftTests.swift */ = {isa = PBXFileReference; lastKnownFileType = sourcecode.swift; path = MongoCSwiftTests.swift; sourceTree = "<group>"; };
		C650AA5A1C25409700BC4479 /* Info.plist */ = {isa = PBXFileReference; lastKnownFileType = text.plist.xml; path = Info.plist; sourceTree = "<group>"; };
/* End PBXFileReference section */

/* Begin PBXFrameworksBuildPhase section */
		C61E179F1C17D12700567628 /* Frameworks */ = {
			isa = PBXFrameworksBuildPhase;
			buildActionMask = 2147483647;
			files = (
			);
			runOnlyForDeploymentPostprocessing = 0;
		};
		C650AA531C25409700BC4479 /* Frameworks */ = {
			isa = PBXFrameworksBuildPhase;
			buildActionMask = 2147483647;
			files = (
			);
			runOnlyForDeploymentPostprocessing = 0;
		};
/* End PBXFrameworksBuildPhase section */

/* Begin PBXGroup section */
		C61E17991C17D12700567628 = {
			isa = PBXGroup;
			children = (
				C61E17A41C17D12700567628 /* MongoCSwift */,
				C650AA571C25409700BC4479 /* MongoCSwiftTests */,
				C61E17A31C17D12700567628 /* Products */,
			);
			sourceTree = "<group>";
		};
		C61E17A31C17D12700567628 /* Products */ = {
			isa = PBXGroup;
			children = (
				C61E17A21C17D12700567628 /* MongoCSwift */,
				C650AA561C25409700BC4479 /* MongoCSwiftTests.xctest */,
			);
			name = Products;
			sourceTree = "<group>";
		};
		C61E17A41C17D12700567628 /* MongoCSwift */ = {
			isa = PBXGroup;
			children = (
				C61E17A51C17D12700567628 /* main.swift */,
				C61E17CC1C18502200567628 /* Cursor.swift */,
				C61E17CA1C18500800567628 /* Bson.swift */,
				C61E17C81C184FE400567628 /* Utils.swift */,
				C61E17C21C184FA200567628 /* Database.swift */,
				C61E17C41C184FB300567628 /* Collection.swift */,
				C650AA501C23CEB000BC4479 /* Result.swift */,
				C61E17C61C184FBD00567628 /* MongoClient.swift */,
				C61E17AC1C17D14100567628 /* MongoCSwift-Bridging-Header.h */,
			);
			path = MongoCSwift;
			sourceTree = "<group>";
		};
		C650AA571C25409700BC4479 /* MongoCSwiftTests */ = {
			isa = PBXGroup;
			children = (
				C650AA581C25409700BC4479 /* MongoCSwiftTests.swift */,
				C650AA5A1C25409700BC4479 /* Info.plist */,
			);
			path = MongoCSwiftTests;
			sourceTree = "<group>";
		};
/* End PBXGroup section */

/* Begin PBXNativeTarget section */
		C61E17A11C17D12700567628 /* MongoCSwift */ = {
			isa = PBXNativeTarget;
			buildConfigurationList = C61E17A91C17D12700567628 /* Build configuration list for PBXNativeTarget "MongoCSwift" */;
			buildPhases = (
				C61E179F1C17D12700567628 /* Frameworks */,
				C61E179E1C17D12700567628 /* Sources */,
				C61E17A01C17D12700567628 /* CopyFiles */,
			);
			buildRules = (
			);
			dependencies = (
			);
			name = MongoCSwift;
			productName = MongoCSwift;
			productReference = C61E17A21C17D12700567628 /* MongoCSwift */;
			productType = "com.apple.product-type.tool";
		};
		C650AA551C25409700BC4479 /* MongoCSwiftTests */ = {
			isa = PBXNativeTarget;
			buildConfigurationList = C650AA5B1C25409700BC4479 /* Build configuration list for PBXNativeTarget "MongoCSwiftTests" */;
			buildPhases = (
				C650AA521C25409700BC4479 /* Sources */,
				C650AA531C25409700BC4479 /* Frameworks */,
				C650AA541C25409700BC4479 /* Resources */,
			);
			buildRules = (
			);
			dependencies = (
			);
			name = MongoCSwiftTests;
			productName = MongoCSwiftTests;
			productReference = C650AA561C25409700BC4479 /* MongoCSwiftTests.xctest */;
			productType = "com.apple.product-type.bundle.unit-test";
		};
/* End PBXNativeTarget section */

/* Begin PBXProject section */
		C61E179A1C17D12700567628 /* Project object */ = {
			isa = PBXProject;
			attributes = {
				LastSwiftUpdateCheck = 0720;
				LastUpgradeCheck = 0710;
				ORGANIZATIONNAME = "Brendan Molloy";
				TargetAttributes = {
					C61E17A11C17D12700567628 = {
						CreatedOnToolsVersion = 7.1;
						DevelopmentTeam = AE56HWMN8U;
					};
					C650AA551C25409700BC4479 = {
						CreatedOnToolsVersion = 7.2;
					};
				};
			};
			buildConfigurationList = C61E179D1C17D12700567628 /* Build configuration list for PBXProject "MongoCSwift" */;
			compatibilityVersion = "Xcode 3.2";
			developmentRegion = English;
			hasScannedForEncodings = 0;
			knownRegions = (
				en,
			);
			mainGroup = C61E17991C17D12700567628;
			productRefGroup = C61E17A31C17D12700567628 /* Products */;
			projectDirPath = "";
			projectRoot = "";
			targets = (
				C61E17A11C17D12700567628 /* MongoCSwift */,
				C650AA551C25409700BC4479 /* MongoCSwiftTests */,
			);
		};
/* End PBXProject section */

/* Begin PBXResourcesBuildPhase section */
		C650AA541C25409700BC4479 /* Resources */ = {
			isa = PBXResourcesBuildPhase;
			buildActionMask = 2147483647;
			files = (
			);
			runOnlyForDeploymentPostprocessing = 0;
		};
/* End PBXResourcesBuildPhase section */

/* Begin PBXSourcesBuildPhase section */
		C61E179E1C17D12700567628 /* Sources */ = {
			isa = PBXSourcesBuildPhase;
			buildActionMask = 2147483647;
			files = (
				C61E17C91C184FE400567628 /* Utils.swift in Sources */,
				C61E17C51C184FB300567628 /* Collection.swift in Sources */,
				C61E17CD1C18502200567628 /* Cursor.swift in Sources */,
				C61E17C31C184FA200567628 /* Database.swift in Sources */,
				C61E17CB1C18500800567628 /* Bson.swift in Sources */,
				C650AA671C25712D00BC4479 /* MongoCSwiftTests.swift in Sources */,
				C61E17A61C17D12700567628 /* main.swift in Sources */,
				C650AA511C23CEB000BC4479 /* Result.swift in Sources */,
				C61E17C71C184FBD00567628 /* MongoClient.swift in Sources */,
			);
			runOnlyForDeploymentPostprocessing = 0;
		};
		C650AA521C25409700BC4479 /* Sources */ = {
			isa = PBXSourcesBuildPhase;
			buildActionMask = 2147483647;
			files = (
				C650AA621C2542BF00BC4479 /* Database.swift in Sources */,
				C650AA611C2542BF00BC4479 /* Utils.swift in Sources */,
				C650AA651C2542BF00BC4479 /* MongoClient.swift in Sources */,
				C650AA5E1C2542BF00BC4479 /* main.swift in Sources */,
				C650AA591C25409700BC4479 /* MongoCSwiftTests.swift in Sources */,
				C650AA5F1C2542BF00BC4479 /* Cursor.swift in Sources */,
				C650AA631C2542BF00BC4479 /* Collection.swift in Sources */,
				C650AA641C2542BF00BC4479 /* Result.swift in Sources */,
				C650AA601C2542BF00BC4479 /* Bson.swift in Sources */,
			);
			runOnlyForDeploymentPostprocessing = 0;
		};
/* End PBXSourcesBuildPhase section */

/* Begin XCBuildConfiguration section */
		C61E17A71C17D12700567628 /* Debug */ = {
			isa = XCBuildConfiguration;
			buildSettings = {
				ALWAYS_SEARCH_USER_PATHS = NO;
				CLANG_CXX_LANGUAGE_STANDARD = "gnu++0x";
				CLANG_CXX_LIBRARY = "libc++";
				CLANG_ENABLE_MODULES = YES;
				CLANG_ENABLE_OBJC_ARC = YES;
				CLANG_WARN_BOOL_CONVERSION = YES;
				CLANG_WARN_CONSTANT_CONVERSION = YES;
				CLANG_WARN_DIRECT_OBJC_ISA_USAGE = YES_ERROR;
				CLANG_WARN_EMPTY_BODY = YES;
				CLANG_WARN_ENUM_CONVERSION = YES;
				CLANG_WARN_INT_CONVERSION = YES;
				CLANG_WARN_OBJC_ROOT_CLASS = YES_ERROR;
				CLANG_WARN_UNREACHABLE_CODE = YES;
				CLANG_WARN__DUPLICATE_METHOD_MATCH = YES;
				CODE_SIGN_IDENTITY = "Mac Developer";
				COPY_PHASE_STRIP = NO;
				DEBUG_INFORMATION_FORMAT = dwarf;
				ENABLE_STRICT_OBJC_MSGSEND = YES;
				ENABLE_TESTABILITY = YES;
				GCC_C_LANGUAGE_STANDARD = gnu99;
				GCC_DYNAMIC_NO_PIC = NO;
				GCC_NO_COMMON_BLOCKS = YES;
				GCC_OPTIMIZATION_LEVEL = 0;
				GCC_PREPROCESSOR_DEFINITIONS = (
					"DEBUG=1",
					"$(inherited)",
				);
				GCC_WARN_64_TO_32_BIT_CONVERSION = YES;
				GCC_WARN_ABOUT_RETURN_TYPE = YES_ERROR;
				GCC_WARN_UNDECLARED_SELECTOR = YES;
				GCC_WARN_UNINITIALIZED_AUTOS = YES_AGGRESSIVE;
				GCC_WARN_UNUSED_FUNCTION = YES;
				GCC_WARN_UNUSED_VARIABLE = YES;
				HEADER_SEARCH_PATHS = (
					"/opt/mongo-c/include/libmongoc-1.0",
					"/opt/mongo-c/include/libbson-1.0",
				);
				LIBRARY_SEARCH_PATHS = "/opt/mongo-c/lib";
				MACOSX_DEPLOYMENT_TARGET = 10.11;
				MTL_ENABLE_DEBUG_INFO = YES;
				ONLY_ACTIVE_ARCH = YES;
				OTHER_LDFLAGS = (
					"-lbson-1.0",
					"-lmongoc-1.0",
				);
				SDKROOT = macosx;
				SWIFT_OPTIMIZATION_LEVEL = "-Onone";
			};
			name = Debug;
		};
		C61E17A81C17D12700567628 /* Release */ = {
			isa = XCBuildConfiguration;
			buildSettings = {
				ALWAYS_SEARCH_USER_PATHS = NO;
				CLANG_CXX_LANGUAGE_STANDARD = "gnu++0x";
				CLANG_CXX_LIBRARY = "libc++";
				CLANG_ENABLE_MODULES = YES;
				CLANG_ENABLE_OBJC_ARC = YES;
				CLANG_WARN_BOOL_CONVERSION = YES;
				CLANG_WARN_CONSTANT_CONVERSION = YES;
				CLANG_WARN_DIRECT_OBJC_ISA_USAGE = YES_ERROR;
				CLANG_WARN_EMPTY_BODY = YES;
				CLANG_WARN_ENUM_CONVERSION = YES;
				CLANG_WARN_INT_CONVERSION = YES;
				CLANG_WARN_OBJC_ROOT_CLASS = YES_ERROR;
				CLANG_WARN_UNREACHABLE_CODE = YES;
				CLANG_WARN__DUPLICATE_METHOD_MATCH = YES;
				CODE_SIGN_IDENTITY = "Mac Developer";
				COPY_PHASE_STRIP = NO;
				DEBUG_INFORMATION_FORMAT = "dwarf-with-dsym";
				ENABLE_NS_ASSERTIONS = NO;
				ENABLE_STRICT_OBJC_MSGSEND = YES;
				GCC_C_LANGUAGE_STANDARD = gnu99;
				GCC_NO_COMMON_BLOCKS = YES;
				GCC_OPTIMIZATION_LEVEL = 3;
				GCC_WARN_64_TO_32_BIT_CONVERSION = YES;
				GCC_WARN_ABOUT_RETURN_TYPE = YES_ERROR;
				GCC_WARN_UNDECLARED_SELECTOR = YES;
				GCC_WARN_UNINITIALIZED_AUTOS = YES_AGGRESSIVE;
				GCC_WARN_UNUSED_FUNCTION = YES;
				GCC_WARN_UNUSED_VARIABLE = YES;
				HEADER_SEARCH_PATHS = (
					"/opt/mongo-c/include/libmongoc-1.0",
					"/opt/mongo-c/include/libbson-1.0",
				);
				LIBRARY_SEARCH_PATHS = "/opt/mongo-c/lib";
				MACOSX_DEPLOYMENT_TARGET = 10.11;
				MTL_ENABLE_DEBUG_INFO = NO;
				OTHER_LDFLAGS = (
					"-lbson-1.0",
					"-lmongoc-1.0",
				);
				SDKROOT = macosx;
			};
			name = Release;
		};
		C61E17AA1C17D12700567628 /* Debug */ = {
			isa = XCBuildConfiguration;
			buildSettings = {
				CLANG_ENABLE_MODULES = YES;
				CODE_SIGN_IDENTITY = "Mac Developer";
				"CODE_SIGN_IDENTITY[sdk=macosx*]" = "Mac Developer";
				LD_RUNPATH_SEARCH_PATHS = "$(inherited) @executable_path/../Frameworks @loader_path/../Frameworks";
				PRODUCT_NAME = "$(TARGET_NAME)";
				PROVISIONING_PROFILE = "";
				SWIFT_OBJC_BRIDGING_HEADER = "MongoCSwift/MongoCSwift-Bridging-Header.h";
				SWIFT_OPTIMIZATION_LEVEL = "-Onone";
			};
			name = Debug;
		};
		C61E17AB1C17D12700567628 /* Release */ = {
			isa = XCBuildConfiguration;
			buildSettings = {
				CLANG_ENABLE_MODULES = YES;
				CODE_SIGN_IDENTITY = "Mac Developer";
				"CODE_SIGN_IDENTITY[sdk=macosx*]" = "Mac Developer";
				LD_RUNPATH_SEARCH_PATHS = "$(inherited) @executable_path/../Frameworks @loader_path/../Frameworks";
				PRODUCT_NAME = "$(TARGET_NAME)";
				PROVISIONING_PROFILE = "";
				SWIFT_OBJC_BRIDGING_HEADER = "MongoCSwift/MongoCSwift-Bridging-Header.h";
			};
			name = Release;
		};
		C650AA5C1C25409700BC4479 /* Debug */ = {
			isa = XCBuildConfiguration;
			buildSettings = {
				CODE_SIGN_IDENTITY = "-";
				COMBINE_HIDPI_IMAGES = YES;
				INFOPLIST_FILE = MongoCSwiftTests/Info.plist;
				LD_RUNPATH_SEARCH_PATHS = "$(inherited) @executable_path/../Frameworks @loader_path/../Frameworks";
				PRODUCT_BUNDLE_IDENTIFIER = so.brendan.MongoCSwiftTests;
				PRODUCT_NAME = "$(TARGET_NAME)";
				SWIFT_OBJC_BRIDGING_HEADER = "MongoCSwift/MongoCSwift-Bridging-Header.h";
			};
			name = Debug;
		};
		C650AA5D1C25409700BC4479 /* Release */ = {
			isa = XCBuildConfiguration;
			buildSettings = {
				CODE_SIGN_IDENTITY = "-";
				COMBINE_HIDPI_IMAGES = YES;
				INFOPLIST_FILE = MongoCSwiftTests/Info.plist;
				LD_RUNPATH_SEARCH_PATHS = "$(inherited) @executable_path/../Frameworks @loader_path/../Frameworks";
				PRODUCT_BUNDLE_IDENTIFIER = so.brendan.MongoCSwiftTests;
				PRODUCT_NAME = "$(TARGET_NAME)";
				SWIFT_OBJC_BRIDGING_HEADER = "MongoCSwift/MongoCSwift-Bridging-Header.h";
			};
			name = Release;
		};
/* End XCBuildConfiguration section */

/* Begin XCConfigurationList section */
		C61E179D1C17D12700567628 /* Build configuration list for PBXProject "MongoCSwift" */ = {
			isa = XCConfigurationList;
			buildConfigurations = (
				C61E17A71C17D12700567628 /* Debug */,
				C61E17A81C17D12700567628 /* Release */,
			);
			defaultConfigurationIsVisible = 0;
			defaultConfigurationName = Release;
		};
		C61E17A91C17D12700567628 /* Build configuration list for PBXNativeTarget "MongoCSwift" */ = {
			isa = XCConfigurationList;
			buildConfigurations = (
				C61E17AA1C17D12700567628 /* Debug */,
				C61E17AB1C17D12700567628 /* Release */,
			);
			defaultConfigurationIsVisible = 0;
			defaultConfigurationName = Release;
		};
		C650AA5B1C25409700BC4479 /* Build configuration list for PBXNativeTarget "MongoCSwiftTests" */ = {
			isa = XCConfigurationList;
			buildConfigurations = (
				C650AA5C1C25409700BC4479 /* Debug */,
				C650AA5D1C25409700BC4479 /* Release */,
			);
			defaultConfigurationIsVisible = 0;
			defaultConfigurationName = Release;
		};
/* End XCConfigurationList section */
	};
	rootObject = C61E179A1C17D12700567628 /* Project object */;
}
